{
  "name": "ctci_practice",
  "version": "1.0.0",
  "lockfileVersion": 2,
  "requires": true,
  "packages": {
    "": {
      "version": "1.0.0",
      "license": "ISC",
      "dependencies": {
        "linked-list": "^3.0.1"
      }
    },
    "node_modules/linked-list": {
      "version": "3.0.1",
      "resolved": "https://registry.npmjs.org/linked-list/-/linked-list-3.0.1.tgz",
      "integrity": "sha512-SZQtR4X1ytETq5AUUHmB0b4HuekzdfowzWXCBrd1GUPzeUx3zAdDE4j+M/IEFKaazkfOSBRcPzl7dFA9EZtmHA==",
      "funding": {
        "type": "github",
        "url": "https://github.com/sponsors/wooorm"
      }
    }
  },
  "dependencies": {
    "linked-list": {
      "version": "3.0.1",
      "resolved": "https://registry.npmjs.org/linked-list/-/linked-list-3.0.1.tgz",
      "integrity": "sha512-SZQtR4X1ytETq5AUUHmB0b4HuekzdfowzWXCBrd1GUPzeUx3zAdDE4j+M/IEFKaazkfOSBRcPzl7dFA9EZtmHA=="
    }
  }
}
